
Microsoft Visual Studio Solution File, Format Version 12.00
# Visual Studio 15
VisualStudioVersion = 15.0.27428.2015
MinimumVisualStudioVersion = 10.0.40219.1
Project("{FAE04EC0-301F-11D3-BF4B-00C04F79EFBC}") = "ViewInvoices", "ViewInvoices\ViewInvoices.csproj", "{33840591-F22B-4FE5-A455-89A13C9E301F}"
EndProject
Global
	GlobalSection(SolutionConfigurationPlatforms) = preSolution
		Debug|Any CPU = Debug|Any CPU
		Release|Any CPU = Release|Any CPU
	EndGlobalSection
	GlobalSection(ProjectConfigurationPlatforms) = postSolution
		{33840591-F22B-4FE5-A455-89A13C9E301F}.Debug|Any CPU.ActiveCfg = Debug|Any CPU
		{33840591-F22B-4FE5-A455-89A13C9E301F}.Debug|Any CPU.Build.0 = Debug|Any CPU
		{33840591-F22B-4FE5-A455-89A13C9E301F}.Release|Any CPU.ActiveCfg = Release|Any CPU
		{33840591-F22B-4FE5-A455-89A13C9E301F}.Release|Any CPU.Build.0 = Release|Any CPU
	EndGlobalSection
	GlobalSection(SolutionProperties) = preSolution
		HideSolutionNode = FALSE
	EndGlobalSection
	GlobalSection(ExtensibilityGlobals) = postSolution
		SolutionGuid = {C0FB83AC-7BB7-46F3-B6B0-FBBE16E34344}
	EndGlobalSection
EndGlobal
